# THIS IS AN AUTOGENERATED FILE. DO NOT EDIT THIS FILE DIRECTLY.
# yarn lockfile v1


"@trpc/server@^10.9.1":
  version "10.9.1"
  resolved "https://registry.yarnpkg.com/@trpc/server/-/server-10.9.1.tgz#5356e148f30f8328542523dca512fc7e75224fd9"
  integrity sha512-cUbj8KphlH0IHuoVUhkZrN1E+FdfRpagglqhblyj8VPJKkjzTjb6D8MYHlXhiX7Tdmtwy2w0ev39HBkzlM0thg==
